
Microsoft Visual Studio Solution File, Format Version 12.00
# Visual Studio Version 17
VisualStudioVersion = 17.8.34330.188
MinimumVisualStudioVersion = 10.0.40219.1
Project("{FAE04EC0-301F-11D3-BF4B-00C04F79EFBC}") = "ToDo.Winform", "ToDo.Winform\ToDo.Winform.csproj", "{D2DD3C7B-A929-4A69-8F95-0AA1BBA98893}"
	ProjectSection(ProjectDependencies) = postProject
		{C0BB7BDE-151E-4D0F-943F-DDE00FF710F1} = {C0BB7BDE-151E-4D0F-943F-DDE00FF710F1}
	EndProjectSection
EndProject
Project("{FAE04EC0-301F-11D3-BF4B-00C04F79EFBC}") = "ToDo.WCF", "ToDo.WCF\ToDo.WCF.csproj", "{C0BB7BDE-151E-4D0F-943F-DDE00FF710F1}"
EndProject
Project("{FAE04EC0-301F-11D3-BF4B-00C04F79EFBC}") = "Tasky.Models", "Tasky.Models\Tasky.Models.csproj", "{37968F40-D697-425C-A883-0C862C9DEDB0}"
EndProject
Global
	GlobalSection(SolutionConfigurationPlatforms) = preSolution
		Debug|Any CPU = Debug|Any CPU
		Release|Any CPU = Release|Any CPU
	EndGlobalSection
	GlobalSection(ProjectConfigurationPlatforms) = postSolution
		{D2DD3C7B-A929-4A69-8F95-0AA1BBA98893}.Debug|Any CPU.ActiveCfg = Debug|Any CPU
		{D2DD3C7B-A929-4A69-8F95-0AA1BBA98893}.Debug|Any CPU.Build.0 = Debug|Any CPU
		{D2DD3C7B-A929-4A69-8F95-0AA1BBA98893}.Release|Any CPU.ActiveCfg = Release|Any CPU
		{D2DD3C7B-A929-4A69-8F95-0AA1BBA98893}.Release|Any CPU.Build.0 = Release|Any CPU
		{C0BB7BDE-151E-4D0F-943F-DDE00FF710F1}.Debug|Any CPU.ActiveCfg = Debug|Any CPU
		{C0BB7BDE-151E-4D0F-943F-DDE00FF710F1}.Debug|Any CPU.Build.0 = Debug|Any CPU
		{C0BB7BDE-151E-4D0F-943F-DDE00FF710F1}.Release|Any CPU.ActiveCfg = Release|Any CPU
		{C0BB7BDE-151E-4D0F-943F-DDE00FF710F1}.Release|Any CPU.Build.0 = Release|Any CPU
		{37968F40-D697-425C-A883-0C862C9DEDB0}.Debug|Any CPU.ActiveCfg = Debug|Any CPU
		{37968F40-D697-425C-A883-0C862C9DEDB0}.Debug|Any CPU.Build.0 = Debug|Any CPU
		{37968F40-D697-425C-A883-0C862C9DEDB0}.Release|Any CPU.ActiveCfg = Release|Any CPU
		{37968F40-D697-425C-A883-0C862C9DEDB0}.Release|Any CPU.Build.0 = Release|Any CPU
	EndGlobalSection
	GlobalSection(SolutionProperties) = preSolution
		HideSolutionNode = FALSE
	EndGlobalSection
	GlobalSection(ExtensibilityGlobals) = postSolution
		SolutionGuid = {EF55CC91-CB7B-4777-9C2D-1D18AAE85445}
	EndGlobalSection
EndGlobal
